// !$*UTF8*$!
{
	archiveVersion = 1;
	classes = {
	};
	objectVersion = 46;
	objects = {

/* Begin PBXBuildFile section */
		3F7984111A3372600044F4EA /* InventoryTVC.m in Sources */ = {isa = PBXBuildFile; fileRef = 3F7984101A3372600044F4EA /* InventoryTVC.m */; };
		3F7984141A337FB90044F4EA /* InventoryItemTVC.m in Sources */ = {isa = PBXBuildFile; fileRef = 3F7984131A337FB90044F4EA /* InventoryItemTVC.m */; };
		D2949C3B1A2FE0A3006B8D7D /* main.m in Sources */ = {isa = PBXBuildFile; fileRef = D2949C3A1A2FE0A3006B8D7D /* main.m */; };
		D2949C3E1A2FE0A3006B8D7D /* AppDelegate.m in Sources */ = {isa = PBXBuildFile; fileRef = D2949C3D1A2FE0A3006B8D7D /* AppDelegate.m */; };
		D2949C411A2FE0A3006B8D7D /* FirstViewController.m in Sources */ = {isa = PBXBuildFile; fileRef = D2949C401A2FE0A3006B8D7D /* FirstViewController.m */; };
		D2949C441A2FE0A3006B8D7D /* SecondViewController.m in Sources */ = {isa = PBXBuildFile; fileRef = D2949C431A2FE0A3006B8D7D /* SecondViewController.m */; };
		D2949C471A2FE0A3006B8D7D /* Main.storyboard in Resources */ = {isa = PBXBuildFile; fileRef = D2949C451A2FE0A3006B8D7D /* Main.storyboard */; };
		D2949C491A2FE0A3006B8D7D /* Images.xcassets in Resources */ = {isa = PBXBuildFile; fileRef = D2949C481A2FE0A3006B8D7D /* Images.xcassets */; };
		D2949C4C1A2FE0A3006B8D7D /* LaunchScreen.xib in Resources */ = {isa = PBXBuildFile; fileRef = D2949C4A1A2FE0A3006B8D7D /* LaunchScreen.xib */; };
		D2949C581A2FE0A4006B8D7D /* whatsInMyRefrigeratorTests.m in Sources */ = {isa = PBXBuildFile; fileRef = D2949C571A2FE0A4006B8D7D /* whatsInMyRefrigeratorTests.m */; };
		D2949C621A2FE135006B8D7D /* video.jpg in Resources */ = {isa = PBXBuildFile; fileRef = D2949C611A2FE135006B8D7D /* video.jpg */; };
		D2E96D401A2FFABF001C096A /* LoginVC.m in Sources */ = {isa = PBXBuildFile; fileRef = D2E96D3F1A2FFABF001C096A /* LoginVC.m */; };
/* End PBXBuildFile section */

/* Begin PBXContainerItemProxy section */
		D2949C521A2FE0A4006B8D7D /* PBXContainerItemProxy */ = {
			isa = PBXContainerItemProxy;
			containerPortal = D2949C2D1A2FE0A3006B8D7D /* Project object */;
			proxyType = 1;
			remoteGlobalIDString = D2949C341A2FE0A3006B8D7D;
			remoteInfo = whatsInMyRefrigerator;
		};
/* End PBXContainerItemProxy section */

/* Begin PBXFileReference section */
		3F79840F1A3372600044F4EA /* InventoryTVC.h */ = {isa = PBXFileReference; fileEncoding = 4; lastKnownFileType = sourcecode.c.h; path = InventoryTVC.h; sourceTree = "<group>"; };
		3F7984101A3372600044F4EA /* InventoryTVC.m */ = {isa = PBXFileReference; fileEncoding = 4; lastKnownFileType = sourcecode.c.objc; path = InventoryTVC.m; sourceTree = "<group>"; };
		3F7984121A337FB90044F4EA /* InventoryItemTVC.h */ = {isa = PBXFileReference; fileEncoding = 4; lastKnownFileType = sourcecode.c.h; path = InventoryItemTVC.h; sourceTree = "<group>"; };
		3F7984131A337FB90044F4EA /* InventoryItemTVC.m */ = {isa = PBXFileReference; fileEncoding = 4; lastKnownFileType = sourcecode.c.objc; path = InventoryItemTVC.m; sourceTree = "<group>"; };
		D2949C351A2FE0A3006B8D7D /* whatsInMyRefrigerator.app */ = {isa = PBXFileReference; explicitFileType = wrapper.application; includeInIndex = 0; path = whatsInMyRefrigerator.app; sourceTree = BUILT_PRODUCTS_DIR; };
		D2949C391A2FE0A3006B8D7D /* Info.plist */ = {isa = PBXFileReference; lastKnownFileType = text.plist.xml; path = Info.plist; sourceTree = "<group>"; };
		D2949C3A1A2FE0A3006B8D7D /* main.m */ = {isa = PBXFileReference; lastKnownFileType = sourcecode.c.objc; path = main.m; sourceTree = "<group>"; };
		D2949C3C1A2FE0A3006B8D7D /* AppDelegate.h */ = {isa = PBXFileReference; lastKnownFileType = sourcecode.c.h; path = AppDelegate.h; sourceTree = "<group>"; };
		D2949C3D1A2FE0A3006B8D7D /* AppDelegate.m */ = {isa = PBXFileReference; lastKnownFileType = sourcecode.c.objc; path = AppDelegate.m; sourceTree = "<group>"; };
		D2949C3F1A2FE0A3006B8D7D /* FirstViewController.h */ = {isa = PBXFileReference; lastKnownFileType = sourcecode.c.h; path = FirstViewController.h; sourceTree = "<group>"; };
		D2949C401A2FE0A3006B8D7D /* FirstViewController.m */ = {isa = PBXFileReference; lastKnownFileType = sourcecode.c.objc; path = FirstViewController.m; sourceTree = "<group>"; };
		D2949C421A2FE0A3006B8D7D /* SecondViewController.h */ = {isa = PBXFileReference; lastKnownFileType = sourcecode.c.h; path = SecondViewController.h; sourceTree = "<group>"; };
		D2949C431A2FE0A3006B8D7D /* SecondViewController.m */ = {isa = PBXFileReference; lastKnownFileType = sourcecode.c.objc; path = SecondViewController.m; sourceTree = "<group>"; };
		D2949C461A2FE0A3006B8D7D /* Base */ = {isa = PBXFileReference; lastKnownFileType = file.storyboard; name = Base; path = Base.lproj/Main.storyboard; sourceTree = "<group>"; };
		D2949C481A2FE0A3006B8D7D /* Images.xcassets */ = {isa = PBXFileReference; lastKnownFileType = folder.assetcatalog; path = Images.xcassets; sourceTree = "<group>"; };
		D2949C4B1A2FE0A3006B8D7D /* Base */ = {isa = PBXFileReference; lastKnownFileType = file.xib; name = Base; path = Base.lproj/LaunchScreen.xib; sourceTree = "<group>"; };
		D2949C511A2FE0A4006B8D7D /* whatsInMyRefrigeratorTests.xctest */ = {isa = PBXFileReference; explicitFileType = wrapper.cfbundle; includeInIndex = 0; path = whatsInMyRefrigeratorTests.xctest; sourceTree = BUILT_PRODUCTS_DIR; };
		D2949C561A2FE0A4006B8D7D /* Info.plist */ = {isa = PBXFileReference; lastKnownFileType = text.plist.xml; path = Info.plist; sourceTree = "<group>"; };
		D2949C571A2FE0A4006B8D7D /* whatsInMyRefrigeratorTests.m */ = {isa = PBXFileReference; lastKnownFileType = sourcecode.c.objc; path = whatsInMyRefrigeratorTests.m; sourceTree = "<group>"; };
		D2949C611A2FE135006B8D7D /* video.jpg */ = {isa = PBXFileReference; lastKnownFileType = image.jpeg; path = video.jpg; sourceTree = "<group>"; };
		D2E96D3E1A2FFABF001C096A /* LoginVC.h */ = {isa = PBXFileReference; fileEncoding = 4; lastKnownFileType = sourcecode.c.h; path = LoginVC.h; sourceTree = "<group>"; };
		D2E96D3F1A2FFABF001C096A /* LoginVC.m */ = {isa = PBXFileReference; fileEncoding = 4; lastKnownFileType = sourcecode.c.objc; path = LoginVC.m; sourceTree = "<group>"; };
/* End PBXFileReference section */

/* Begin PBXFrameworksBuildPhase section */
		D2949C321A2FE0A3006B8D7D /* Frameworks */ = {
			isa = PBXFrameworksBuildPhase;
			buildActionMask = 2147483647;
			files = (
			);
			runOnlyForDeploymentPostprocessing = 0;
		};
		D2949C4E1A2FE0A4006B8D7D /* Frameworks */ = {
			isa = PBXFrameworksBuildPhase;
			buildActionMask = 2147483647;
			files = (
			);
			runOnlyForDeploymentPostprocessing = 0;
		};
/* End PBXFrameworksBuildPhase section */

/* Begin PBXGroup section */
		D2949C2C1A2FE0A3006B8D7D = {
			isa = PBXGroup;
			children = (
				D2949C371A2FE0A3006B8D7D /* whatsInMyRefrigerator */,
				D2949C541A2FE0A4006B8D7D /* whatsInMyRefrigeratorTests */,
				D2949C361A2FE0A3006B8D7D /* Products */,
			);
			sourceTree = "<group>";
		};
		D2949C361A2FE0A3006B8D7D /* Products */ = {
			isa = PBXGroup;
			children = (
				D2949C351A2FE0A3006B8D7D /* whatsInMyRefrigerator.app */,
				D2949C511A2FE0A4006B8D7D /* whatsInMyRefrigeratorTests.xctest */,
			);
			name = Products;
			sourceTree = "<group>";
		};
		D2949C371A2FE0A3006B8D7D /* whatsInMyRefrigerator */ = {
			isa = PBXGroup;
			children = (
				D2E96D3D1A2FFA93001C096A /* model */,
				D2949C611A2FE135006B8D7D /* video.jpg */,
				D2949C3C1A2FE0A3006B8D7D /* AppDelegate.h */,
				D2949C3D1A2FE0A3006B8D7D /* AppDelegate.m */,
				D2949C3F1A2FE0A3006B8D7D /* FirstViewController.h */,
				D2949C401A2FE0A3006B8D7D /* FirstViewController.m */,
				D2949C421A2FE0A3006B8D7D /* SecondViewController.h */,
				D2949C431A2FE0A3006B8D7D /* SecondViewController.m */,
				D2949C451A2FE0A3006B8D7D /* Main.storyboard */,
				D2949C481A2FE0A3006B8D7D /* Images.xcassets */,
				D2949C4A1A2FE0A3006B8D7D /* LaunchScreen.xib */,
				D2949C381A2FE0A3006B8D7D /* Supporting Files */,
			);
			path = whatsInMyRefrigerator;
			sourceTree = "<group>";
		};
		D2949C381A2FE0A3006B8D7D /* Supporting Files */ = {
			isa = PBXGroup;
			children = (
				D2949C391A2FE0A3006B8D7D /* Info.plist */,
				D2949C3A1A2FE0A3006B8D7D /* main.m */,
			);
			name = "Supporting Files";
			sourceTree = "<group>";
		};
		D2949C541A2FE0A4006B8D7D /* whatsInMyRefrigeratorTests */ = {
			isa = PBXGroup;
			children = (
				D2949C571A2FE0A4006B8D7D /* whatsInMyRefrigeratorTests.m */,
				D2949C551A2FE0A4006B8D7D /* Supporting Files */,
			);
			path = whatsInMyRefrigeratorTests;
			sourceTree = "<group>";
		};
		D2949C551A2FE0A4006B8D7D /* Supporting Files */ = {
			isa = PBXGroup;
			children = (
				D2949C561A2FE0A4006B8D7D /* Info.plist */,
			);
			name = "Supporting Files";
			sourceTree = "<group>";
		};
		D2E96D3D1A2FFA93001C096A /* model */ = {
			isa = PBXGroup;
			children = (
				3F79840F1A3372600044F4EA /* InventoryTVC.h */,
				3F7984101A3372600044F4EA /* InventoryTVC.m */,
				D2E96D3E1A2FFABF001C096A /* LoginVC.h */,
				D2E96D3F1A2FFABF001C096A /* LoginVC.m */,
				3F7984121A337FB90044F4EA /* InventoryItemTVC.h */,
				3F7984131A337FB90044F4EA /* InventoryItemTVC.m */,
			);
			name = model;
			sourceTree = "<group>";
		};
/* End PBXGroup section */

/* Begin PBXNativeTarget section */
		D2949C341A2FE0A3006B8D7D /* whatsInMyRefrigerator */ = {
			isa = PBXNativeTarget;
			buildConfigurationList = D2949C5B1A2FE0A4006B8D7D /* Build configuration list for PBXNativeTarget "whatsInMyRefrigerator" */;
			buildPhases = (
				D2949C311A2FE0A3006B8D7D /* Sources */,
				D2949C321A2FE0A3006B8D7D /* Frameworks */,
				D2949C331A2FE0A3006B8D7D /* Resources */,
			);
			buildRules = (
			);
			dependencies = (
			);
			name = whatsInMyRefrigerator;
			productName = whatsInMyRefrigerator;
			productReference = D2949C351A2FE0A3006B8D7D /* whatsInMyRefrigerator.app */;
			productType = "com.apple.product-type.application";
		};
		D2949C501A2FE0A4006B8D7D /* whatsInMyRefrigeratorTests */ = {
			isa = PBXNativeTarget;
			buildConfigurationList = D2949C5E1A2FE0A4006B8D7D /* Build configuration list for PBXNativeTarget "whatsInMyRefrigeratorTests" */;
			buildPhases = (
				D2949C4D1A2FE0A4006B8D7D /* Sources */,
				D2949C4E1A2FE0A4006B8D7D /* Frameworks */,
				D2949C4F1A2FE0A4006B8D7D /* Resources */,
			);
			buildRules = (
			);
			dependencies = (
				D2949C531A2FE0A4006B8D7D /* PBXTargetDependency */,
			);
			name = whatsInMyRefrigeratorTests;
			productName = whatsInMyRefrigeratorTests;
			productReference = D2949C511A2FE0A4006B8D7D /* whatsInMyRefrigeratorTests.xctest */;
			productType = "com.apple.product-type.bundle.unit-test";
		};
/* End PBXNativeTarget section */

/* Begin PBXProject section */
		D2949C2D1A2FE0A3006B8D7D /* Project object */ = {
			isa = PBXProject;
			attributes = {
				LastUpgradeCheck = 0610;
				ORGANIZATIONNAME = "-=fAlC0n=-";
				TargetAttributes = {
					D2949C341A2FE0A3006B8D7D = {
						CreatedOnToolsVersion = 6.1;
					};
					D2949C501A2FE0A4006B8D7D = {
						CreatedOnToolsVersion = 6.1;
						TestTargetID = D2949C341A2FE0A3006B8D7D;
					};
				};
			};
			buildConfigurationList = D2949C301A2FE0A3006B8D7D /* Build configuration list for PBXProject "whatsInMyRefrigerator" */;
			compatibilityVersion = "Xcode 3.2";
			developmentRegion = English;
			hasScannedForEncodings = 0;
			knownRegions = (
				en,
				Base,
			);
			mainGroup = D2949C2C1A2FE0A3006B8D7D;
			productRefGroup = D2949C361A2FE0A3006B8D7D /* Products */;
			projectDirPath = "";
			projectRoot = "";
			targets = (
				D2949C341A2FE0A3006B8D7D /* whatsInMyRefrigerator */,
				D2949C501A2FE0A4006B8D7D /* whatsInMyRefrigeratorTests */,
			);
		};
/* End PBXProject section */

/* Begin PBXResourcesBuildPhase section */
		D2949C331A2FE0A3006B8D7D /* Resources */ = {
			isa = PBXResourcesBuildPhase;
			buildActionMask = 2147483647;
			files = (
				D2949C471A2FE0A3006B8D7D /* Main.storyboard in Resources */,
				D2949C4C1A2FE0A3006B8D7D /* LaunchScreen.xib in Resources */,
				D2949C491A2FE0A3006B8D7D /* Images.xcassets in Resources */,
				D2949C621A2FE135006B8D7D /* video.jpg in Resources */,
			);
			runOnlyForDeploymentPostprocessing = 0;
		};
		D2949C4F1A2FE0A4006B8D7D /* Resources */ = {
			isa = PBXResourcesBuildPhase;
			buildActionMask = 2147483647;
			files = (
			);
			runOnlyForDeploymentPostprocessing = 0;
		};
/* End PBXResourcesBuildPhase section */

/* Begin PBXSourcesBuildPhase section */
		D2949C311A2FE0A3006B8D7D /* Sources */ = {
			isa = PBXSourcesBuildPhase;
			buildActionMask = 2147483647;
			files = (
				3F7984141A337FB90044F4EA /* InventoryItemTVC.m in Sources */,
				D2949C441A2FE0A3006B8D7D /* SecondViewController.m in Sources */,
				D2949C3E1A2FE0A3006B8D7D /* AppDelegate.m in Sources */,
				3F7984111A3372600044F4EA /* InventoryTVC.m in Sources */,
				D2E96D401A2FFABF001C096A /* LoginVC.m in Sources */,
				D2949C411A2FE0A3006B8D7D /* FirstViewController.m in Sources */,
				D2949C3B1A2FE0A3006B8D7D /* main.m in Sources */,
			);
			runOnlyForDeploymentPostprocessing = 0;
		};
		D2949C4D1A2FE0A4006B8D7D /* Sources */ = {
			isa = PBXSourcesBuildPhase;
			buildActionMask = 2147483647;
			files = (
				D2949C581A2FE0A4006B8D7D /* whatsInMyRefrigeratorTests.m in Sources */,
			);
			runOnlyForDeploymentPostprocessing = 0;
		};
/* End PBXSourcesBuildPhase section */

/* Begin PBXTargetDependency section */
		D2949C531A2FE0A4006B8D7D /* PBXTargetDependency */ = {
			isa = PBXTargetDependency;
			target = D2949C341A2FE0A3006B8D7D /* whatsInMyRefrigerator */;
			targetProxy = D2949C521A2FE0A4006B8D7D /* PBXContainerItemProxy */;
		};
/* End PBXTargetDependency section */

/* Begin PBXVariantGroup section */
		D2949C451A2FE0A3006B8D7D /* Main.storyboard */ = {
			isa = PBXVariantGroup;
			children = (
				D2949C461A2FE0A3006B8D7D /* Base */,
			);
			name = Main.storyboard;
			sourceTree = "<group>";
		};
		D2949C4A1A2FE0A3006B8D7D /* LaunchScreen.xib */ = {
			isa = PBXVariantGroup;
			children = (
				D2949C4B1A2FE0A3006B8D7D /* Base */,
			);
			name = LaunchScreen.xib;
			sourceTree = "<group>";
		};
/* End PBXVariantGroup section */

/* Begin XCBuildConfiguration section */
		D2949C591A2FE0A4006B8D7D /* Debug */ = {
			isa = XCBuildConfiguration;
			buildSettings = {
				ALWAYS_SEARCH_USER_PATHS = NO;
				CLANG_CXX_LANGUAGE_STANDARD = "gnu++0x";
				CLANG_CXX_LIBRARY = "libc++";
				CLANG_ENABLE_MODULES = YES;
				CLANG_ENABLE_OBJC_ARC = YES;
				CLANG_WARN_BOOL_CONVERSION = YES;
				CLANG_WARN_CONSTANT_CONVERSION = YES;
				CLANG_WARN_DIRECT_OBJC_ISA_USAGE = YES_ERROR;
				CLANG_WARN_EMPTY_BODY = YES;
				CLANG_WARN_ENUM_CONVERSION = YES;
				CLANG_WARN_INT_CONVERSION = YES;
				CLANG_WARN_OBJC_ROOT_CLASS = YES_ERROR;
				CLANG_WARN_UNREACHABLE_CODE = YES;
				CLANG_WARN__DUPLICATE_METHOD_MATCH = YES;
				"CODE_SIGN_IDENTITY[sdk=iphoneos*]" = "iPhone Developer";
				COPY_PHASE_STRIP = NO;
				ENABLE_STRICT_OBJC_MSGSEND = YES;
				GCC_C_LANGUAGE_STANDARD = gnu99;
				GCC_DYNAMIC_NO_PIC = NO;
				GCC_OPTIMIZATION_LEVEL = 0;
				GCC_PREPROCESSOR_DEFINITIONS = (
					"DEBUG=1",
					"$(inherited)",
				);
				GCC_SYMBOLS_PRIVATE_EXTERN = NO;
				GCC_WARN_64_TO_32_BIT_CONVERSION = YES;
				GCC_WARN_ABOUT_RETURN_TYPE = YES_ERROR;
				GCC_WARN_UNDECLARED_SELECTOR = YES;
				GCC_WARN_UNINITIALIZED_AUTOS = YES_AGGRESSIVE;
				GCC_WARN_UNUSED_FUNCTION = YES;
				GCC_WARN_UNUSED_VARIABLE = YES;
				IPHONEOS_DEPLOYMENT_TARGET = 8.1;
				MTL_ENABLE_DEBUG_INFO = YES;
				ONLY_ACTIVE_ARCH = YES;
				SDKROOT = iphoneos;
			};
			name = Debug;
		};
		D2949C5A1A2FE0A4006B8D7D /* Release */ = {
			isa = XCBuildConfiguration;
			buildSettings = {
				ALWAYS_SEARCH_USER_PATHS = NO;
				CLANG_CXX_LANGUAGE_STANDARD = "gnu++0x";
				CLANG_CXX_LIBRARY = "libc++";
				CLANG_ENABLE_MODULES = YES;
				CLANG_ENABLE_OBJC_ARC = YES;
				CLANG_WARN_BOOL_CONVERSION = YES;
				CLANG_WARN_CONSTANT_CONVERSION = YES;
				CLANG_WARN_DIRECT_OBJC_ISA_USAGE = YES_ERROR;
				CLANG_WARN_EMPTY_BODY = YES;
				CLANG_WARN_ENUM_CONVERSION = YES;
				CLANG_WARN_INT_CONVERSION = YES;
				CLANG_WARN_OBJC_ROOT_CLASS = YES_ERROR;
				CLANG_WARN_UNREACHABLE_CODE = YES;
				CLANG_WARN__DUPLICATE_METHOD_MATCH = YES;
				"CODE_SIGN_IDENTITY[sdk=iphoneos*]" = "iPhone Developer";
				COPY_PHASE_STRIP = YES;
				ENABLE_NS_ASSERTIONS = NO;
				ENABLE_STRICT_OBJC_MSGSEND = YES;
				GCC_C_LANGUAGE_STANDARD = gnu99;
				GCC_WARN_64_TO_32_BIT_CONVERSION = YES;
				GCC_WARN_ABOUT_RETURN_TYPE = YES_ERROR;
				GCC_WARN_UNDECLARED_SELECTOR = YES;
				GCC_WARN_UNINITIALIZED_AUTOS = YES_AGGRESSIVE;
				GCC_WARN_UNUSED_FUNCTION = YES;
				GCC_WARN_UNUSED_VARIABLE = YES;
				IPHONEOS_DEPLOYMENT_TARGET = 8.1;
				MTL_ENABLE_DEBUG_INFO = NO;
				SDKROOT = iphoneos;
				VALIDATE_PRODUCT = YES;
			};
			name = Release;
		};
		D2949C5C1A2FE0A4006B8D7D /* Debug */ = {
			isa = XCBuildConfiguration;
			buildSettings = {
				ASSETCATALOG_COMPILER_APPICON_NAME = AppIcon;
				INFOPLIST_FILE = whatsInMyRefrigerator/Info.plist;
				LD_RUNPATH_SEARCH_PATHS = "$(inherited) @executable_path/Frameworks";
				PRODUCT_NAME = "$(TARGET_NAME)";
			};
			name = Debug;
		};
		D2949C5D1A2FE0A4006B8D7D /* Release */ = {
			isa = XCBuildConfiguration;
			buildSettings = {
				ASSETCATALOG_COMPILER_APPICON_NAME = AppIcon;
				INFOPLIST_FILE = whatsInMyRefrigerator/Info.plist;
				LD_RUNPATH_SEARCH_PATHS = "$(inherited) @executable_path/Frameworks";
				PRODUCT_NAME = "$(TARGET_NAME)";
			};
			name = Release;
		};
		D2949C5F1A2FE0A4006B8D7D /* Debug */ = {
			isa = XCBuildConfiguration;
			buildSettings = {
				BUNDLE_LOADER = "$(TEST_HOST)";
				FRAMEWORK_SEARCH_PATHS = (
					"$(SDKROOT)/Developer/Library/Frameworks",
					"$(inherited)",
				);
				GCC_PREPROCESSOR_DEFINITIONS = (
					"DEBUG=1",
					"$(inherited)",
				);
				INFOPLIST_FILE = whatsInMyRefrigeratorTests/Info.plist;
				LD_RUNPATH_SEARCH_PATHS = "$(inherited) @executable_path/Frameworks @loader_path/Frameworks";
				PRODUCT_NAME = "$(TARGET_NAME)";
				TEST_HOST = "$(BUILT_PRODUCTS_DIR)/whatsInMyRefrigerator.app/whatsInMyRefrigerator";
			};
			name = Debug;
		};
		D2949C601A2FE0A4006B8D7D /* Release */ = {
			isa = XCBuildConfiguration;
			buildSettings = {
				BUNDLE_LOADER = "$(TEST_HOST)";
				FRAMEWORK_SEARCH_PATHS = (
					"$(SDKROOT)/Developer/Library/Frameworks",
					"$(inherited)",
				);
				INFOPLIST_FILE = whatsInMyRefrigeratorTests/Info.plist;
				LD_RUNPATH_SEARCH_PATHS = "$(inherited) @executable_path/Frameworks @loader_path/Frameworks";
				PRODUCT_NAME = "$(TARGET_NAME)";
				TEST_HOST = "$(BUILT_PRODUCTS_DIR)/whatsInMyRefrigerator.app/whatsInMyRefrigerator";
			};
			name = Release;
		};
/* End XCBuildConfiguration section */

/* Begin XCConfigurationList section */
		D2949C301A2FE0A3006B8D7D /* Build configuration list for PBXProject "whatsInMyRefrigerator" */ = {
			isa = XCConfigurationList;
			buildConfigurations = (
				D2949C591A2FE0A4006B8D7D /* Debug */,
				D2949C5A1A2FE0A4006B8D7D /* Release */,
			);
			defaultConfigurationIsVisible = 0;
			defaultConfigurationName = Release;
		};
		D2949C5B1A2FE0A4006B8D7D /* Build configuration list for PBXNativeTarget "whatsInMyRefrigerator" */ = {
			isa = XCConfigurationList;
			buildConfigurations = (
				D2949C5C1A2FE0A4006B8D7D /* Debug */,
				D2949C5D1A2FE0A4006B8D7D /* Release */,
			);
			defaultConfigurationIsVisible = 0;
			defaultConfigurationName = Release;
		};
		D2949C5E1A2FE0A4006B8D7D /* Build configuration list for PBXNativeTarget "whatsInMyRefrigeratorTests" */ = {
			isa = XCConfigurationList;
			buildConfigurations = (
				D2949C5F1A2FE0A4006B8D7D /* Debug */,
				D2949C601A2FE0A4006B8D7D /* Release */,
			);
			defaultConfigurationIsVisible = 0;
			defaultConfigurationName = Release;
		};
/* End XCConfigurationList section */
	};
	rootObject = D2949C2D1A2FE0A3006B8D7D /* Project object */;
}
